
Microsoft Visual Studio Solution File, Format Version 12.00
# Visual Studio 15
VisualStudioVersion = 15.0.26730.12
MinimumVisualStudioVersion = 10.0.40219.1
Project("{9A19103F-16F7-4668-BE54-9A1E7A4F7556}") = "CK2LandedTitlesManager", "CK2LandedTitlesManager\CK2LandedTitlesManager.csproj", "{FF8C2B06-BF38-4689-95DE-EC6CA3B80460}"
EndProject
Project("{FAE04EC0-301F-11D3-BF4B-00C04F79EFBC}") = "CK2LandedTitlesManager.Models", "CK2LandedTitlesManager.Models\CK2LandedTitlesManager.Models.csproj", "{2640EC2E-CB5A-4C67-BB78-64D2D4C7F48C}"
EndProject
Project("{FAE04EC0-301F-11D3-BF4B-00C04F79EFBC}") = "CK2LandedTitlesManager.DataAccess", "CK2LandedTitlesManager.DataAccess\CK2LandedTitlesManager.DataAccess.csproj", "{F6EBE4FF-BC6E-4FCB-A0E7-F0026F34C8F6}"
EndProject
Project("{FAE04EC0-301F-11D3-BF4B-00C04F79EFBC}") = "CK2LandedTitlesManager.Infrastructure", "CK2LandedTitlesManager.Infrastructure\CK2LandedTitlesManager.Infrastructure.csproj", "{6E419B48-F179-4262-920C-CC974C29717A}"
EndProject
Global
	GlobalSection(SolutionConfigurationPlatforms) = preSolution
		Debug|Any CPU = Debug|Any CPU
		Release|Any CPU = Release|Any CPU
	EndGlobalSection
	GlobalSection(ProjectConfigurationPlatforms) = postSolution
		{FF8C2B06-BF38-4689-95DE-EC6CA3B80460}.Debug|Any CPU.ActiveCfg = Debug|Any CPU
		{FF8C2B06-BF38-4689-95DE-EC6CA3B80460}.Debug|Any CPU.Build.0 = Debug|Any CPU
		{FF8C2B06-BF38-4689-95DE-EC6CA3B80460}.Release|Any CPU.ActiveCfg = Release|Any CPU
		{FF8C2B06-BF38-4689-95DE-EC6CA3B80460}.Release|Any CPU.Build.0 = Release|Any CPU
		{2640EC2E-CB5A-4C67-BB78-64D2D4C7F48C}.Debug|Any CPU.ActiveCfg = Debug|Any CPU
		{2640EC2E-CB5A-4C67-BB78-64D2D4C7F48C}.Debug|Any CPU.Build.0 = Debug|Any CPU
		{2640EC2E-CB5A-4C67-BB78-64D2D4C7F48C}.Release|Any CPU.ActiveCfg = Release|Any CPU
		{2640EC2E-CB5A-4C67-BB78-64D2D4C7F48C}.Release|Any CPU.Build.0 = Release|Any CPU
		{F6EBE4FF-BC6E-4FCB-A0E7-F0026F34C8F6}.Debug|Any CPU.ActiveCfg = Debug|Any CPU
		{F6EBE4FF-BC6E-4FCB-A0E7-F0026F34C8F6}.Debug|Any CPU.Build.0 = Debug|Any CPU
		{F6EBE4FF-BC6E-4FCB-A0E7-F0026F34C8F6}.Release|Any CPU.ActiveCfg = Release|Any CPU
		{F6EBE4FF-BC6E-4FCB-A0E7-F0026F34C8F6}.Release|Any CPU.Build.0 = Release|Any CPU
		{6E419B48-F179-4262-920C-CC974C29717A}.Debug|Any CPU.ActiveCfg = Debug|Any CPU
		{6E419B48-F179-4262-920C-CC974C29717A}.Debug|Any CPU.Build.0 = Debug|Any CPU
		{6E419B48-F179-4262-920C-CC974C29717A}.Release|Any CPU.ActiveCfg = Release|Any CPU
		{6E419B48-F179-4262-920C-CC974C29717A}.Release|Any CPU.Build.0 = Release|Any CPU
	EndGlobalSection
	GlobalSection(SolutionProperties) = preSolution
		HideSolutionNode = FALSE
	EndGlobalSection
	GlobalSection(ExtensibilityGlobals) = postSolution
		SolutionGuid = {F232B316-20AE-498C-94C6-C7D39BE04BA4}
	EndGlobalSection
EndGlobal
